
Microsoft Visual Studio Solution File, Format Version 12.00
# Visual Studio Version 17
VisualStudioVersion = 17.11.35312.102
MinimumVisualStudioVersion = 10.0.40219.1
Project("{FAE04EC0-301F-11D3-BF4B-00C04F79EFBC}") = "GuessingApplication", "GuessingApplication\GuessingApplication.csproj", "{688953C6-D185-423A-B881-ACC2A29A8E89}"
EndProject
Global
	GlobalSection(SolutionConfigurationPlatforms) = preSolution
		Debug|Any CPU = Debug|Any CPU
		Release|Any CPU = Release|Any CPU
	EndGlobalSection
	GlobalSection(ProjectConfigurationPlatforms) = postSolution
		{688953C6-D185-423A-B881-ACC2A29A8E89}.Debug|Any CPU.ActiveCfg = Debug|Any CPU
		{688953C6-D185-423A-B881-ACC2A29A8E89}.Debug|Any CPU.Build.0 = Debug|Any CPU
		{688953C6-D185-423A-B881-ACC2A29A8E89}.Release|Any CPU.ActiveCfg = Release|Any CPU
		{688953C6-D185-423A-B881-ACC2A29A8E89}.Release|Any CPU.Build.0 = Release|Any CPU
	EndGlobalSection
	GlobalSection(SolutionProperties) = preSolution
		HideSolutionNode = FALSE
	EndGlobalSection
	GlobalSection(ExtensibilityGlobals) = postSolution
		SolutionGuid = {50AB11A6-7848-4669-B6CA-20F9BDE07255}
	EndGlobalSection
EndGlobal
